[{<<"cowboy">>,
  {git,"git://github.com/ninenines/cowboy.git",
       {ref,"0ba3a9a22269d21b2962fec78c03e5671294d20d"}},
  0},
 {<<"cowlib">>,
  {git,"https://github.com/ninenines/cowlib",
       {ref,"8cf98c9f3d1292c1b08fca5ca99772ae912eaa86"}},
  1},
 {<<"eredis">>,{pkg,<<"eredis">>,<<"1.0.8">>},0},
 {<<"erlport">>,
  {git,"git://github.com/hdima/erlport.git",
       {ref,"246b7722d62b87b48be66d9a871509a537728962"}},
  0},
 {<<"goldrush">>,{pkg,<<"goldrush">>,<<"0.1.8">>},1},
 {<<"iso8601">>,
  {git,"https://github.com/erlsci/iso8601.git",
       {ref,"242ae2052ece247fe15b075f6a3263e4d3214b3c"}},
  0},
 {<<"jiffy">>,{pkg,<<"jiffy">>,<<"0.14.7">>},0},
 {<<"lager">>,{pkg,<<"lager">>,<<"3.2.1">>},0},
 {<<"msgpack">>,
  {git,"git://github.com/msgpack/msgpack-erlang.git",
       {ref,"919a69e125674b6f696e91b06ade95b0cadaf983"}},
  0},
 {<<"ranch">>,
  {git,"https://github.com/ninenines/ranch",
       {ref,"a5d2efcde9a34ad38ab89a26d98ea5335e88625a"}},
  1}].
